
Microsoft Visual Studio Solution File, Format Version 12.00
# Visual Studio Version 17
VisualStudioVersion = 17.10.35122.118
MinimumVisualStudioVersion = 10.0.40219.1
Project("{9A19103F-16F7-4668-BE54-9A1E7A4F7556}") = "PasswordResetPortal", "PasswordResetPortal.csproj", "{883BEE74-0157-47EA-8F23-8CE98041F53B}"
EndProject
Global
	GlobalSection(SolutionConfigurationPlatforms) = preSolution
		Debug|Any CPU = Debug|Any CPU
		Release|Any CPU = Release|Any CPU
	EndGlobalSection
	GlobalSection(ProjectConfigurationPlatforms) = postSolution
		{883BEE74-0157-47EA-8F23-8CE98041F53B}.Debug|Any CPU.ActiveCfg = Debug|Any CPU
		{883BEE74-0157-47EA-8F23-8CE98041F53B}.Debug|Any CPU.Build.0 = Debug|Any CPU
		{883BEE74-0157-47EA-8F23-8CE98041F53B}.Release|Any CPU.ActiveCfg = Release|Any CPU
		{883BEE74-0157-47EA-8F23-8CE98041F53B}.Release|Any CPU.Build.0 = Release|Any CPU
	EndGlobalSection
	GlobalSection(SolutionProperties) = preSolution
		HideSolutionNode = FALSE
	EndGlobalSection
	GlobalSection(ExtensibilityGlobals) = postSolution
		SolutionGuid = {FDE57F46-43D4-413C-82B9-272705F261AD}
	EndGlobalSection
EndGlobal
